
Microsoft Visual Studio Solution File, Format Version 12.00
# Visual Studio Version 17
VisualStudioVersion = 17.5.002.0
MinimumVisualStudioVersion = 10.0.40219.1
Project("{9A19103F-16F7-4668-BE54-9A1E7A4F7556}") = "SerialApp", "SerialApp.csproj", "{AD56A97A-37B7-4DC5-BAEB-F75831CA0C3A}"
EndProject
Global
	GlobalSection(SolutionConfigurationPlatforms) = preSolution
		Debug|Any CPU = Debug|Any CPU
		Release|Any CPU = Release|Any CPU
	EndGlobalSection
	GlobalSection(ProjectConfigurationPlatforms) = postSolution
		{AD56A97A-37B7-4DC5-BAEB-F75831CA0C3A}.Debug|Any CPU.ActiveCfg = Debug|Any CPU
		{AD56A97A-37B7-4DC5-BAEB-F75831CA0C3A}.Debug|Any CPU.Build.0 = Debug|Any CPU
		{AD56A97A-37B7-4DC5-BAEB-F75831CA0C3A}.Release|Any CPU.ActiveCfg = Release|Any CPU
		{AD56A97A-37B7-4DC5-BAEB-F75831CA0C3A}.Release|Any CPU.Build.0 = Release|Any CPU
	EndGlobalSection
	GlobalSection(SolutionProperties) = preSolution
		HideSolutionNode = FALSE
	EndGlobalSection
	GlobalSection(ExtensibilityGlobals) = postSolution
		SolutionGuid = {223851BD-E15A-4617-AAF7-8BD12CD4560B}
	EndGlobalSection
EndGlobal
